{
  "pins" : [
    {
      "identity" : "acknowlist",
      "kind" : "remoteSourceControl",
      "location" : "https://github.com/vtourraine/AcknowList",
      "state" : {
        "revision" : "7cf70f24c97e86f1321f25ec24d128c1542eb7ef",
        "version" : "3.0.1"
      }
    },
    {
      "identity" : "codeeditor",
      "kind" : "remoteSourceControl",
      "location" : "https://github.com/ZeeZide/CodeEditor.git",
      "state" : {
        "revision" : "180bde07b44dea839b32873bd8586ba146fa9106",
        "version" : "1.2.2"
      }
    },
    {
      "identity" : "down",
      "kind" : "remoteSourceControl",
      "location" : "https://github.com/johnxnguyen/Down.git",
      "state" : {
        "branch" : "master",
        "revision" : "e754ab1c80920dd51a8e08290c912ac1c2ac8b58"
      }
    },
    {
      "identity" : "highlightr",
      "kind" : "remoteSourceControl",
      "location" : "https://github.com/raspu/Highlightr",
      "state" : {
        "revision" : "93199b9e434f04bda956a613af8f571933f9f037",
        "version" : "2.1.2"
      }
    }
  ],
  "version" : 2
}
