// !$*UTF8*$!
{
	archiveVersion = 1;
	classes = {
	};
	objectVersion = 56;
	objects = {

/* Begin PBXBuildFile section */
		B22944502A4D8B04009015BA /* NotableApp.swift in Sources */ = {isa = PBXBuildFile; fileRef = B229444F2A4D8B04009015BA /* NotableApp.swift */; };
		B22944522A4D8B04009015BA /* Persistence.swift in Sources */ = {isa = PBXBuildFile; fileRef = B22944512A4D8B04009015BA /* Persistence.swift */; };
		B22944552A4D8B04009015BA /* Notable.xcdatamodeld in Sources */ = {isa = PBXBuildFile; fileRef = B22944532A4D8B04009015BA /* Notable.xcdatamodeld */; };
		B22944572A4D8B04009015BA /* ContentView.swift in Sources */ = {isa = PBXBuildFile; fileRef = B22944562A4D8B04009015BA /* ContentView.swift */; };
		B22944592A4D8B05009015BA /* Assets.xcassets in Resources */ = {isa = PBXBuildFile; fileRef = B22944582A4D8B05009015BA /* Assets.xcassets */; };
		B229445D2A4D8B05009015BA /* Preview Assets.xcassets in Resources */ = {isa = PBXBuildFile; fileRef = B229445C2A4D8B05009015BA /* Preview Assets.xcassets */; };
		B28268432A664E5E00DF4F82 /* Entry.swift in Sources */ = {isa = PBXBuildFile; fileRef = B28268422A664E5E00DF4F82 /* Entry.swift */; };
		B28638322A597BB600B361C3 /* CodeEditor in Frameworks */ = {isa = PBXBuildFile; productRef = B28638312A597BB600B361C3 /* CodeEditor */; };
		B287911F2A512A000012E576 /* EditorView.swift in Sources */ = {isa = PBXBuildFile; fileRef = B287911E2A512A000012E576 /* EditorView.swift */; };
		B28AB4422A60F7700097023A /* RichTextKit in Frameworks */ = {isa = PBXBuildFile; productRef = B28AB4412A60F7700097023A /* RichTextKit */; };
		B28AB4452A60F9270097023A /* EditorConfigSheet.swift in Sources */ = {isa = PBXBuildFile; fileRef = B28AB4442A60F9270097023A /* EditorConfigSheet.swift */; };
		B293DF792A5C2EE500826D26 /* SettingsView.swift in Sources */ = {isa = PBXBuildFile; fileRef = B293DF782A5C2EE500826D26 /* SettingsView.swift */; };
		B2C0BE782A55332200EC9CAF /* EntryItem.swift in Sources */ = {isa = PBXBuildFile; fileRef = B2C0BE772A55332200EC9CAF /* EntryItem.swift */; };
		B2D69FD42A613C53007B65C3 /* Package.resolved in Resources */ = {isa = PBXBuildFile; fileRef = B2D69FD32A613C53007B65C3 /* Package.resolved */; };
		B2D69FD72A613CAB007B65C3 /* AcknowledgeView.swift in Sources */ = {isa = PBXBuildFile; fileRef = B2D69FD62A613CAB007B65C3 /* AcknowledgeView.swift */; };
		B2D69FDC2A61467F007B65C3 /* AcknowList in Frameworks */ = {isa = PBXBuildFile; productRef = B2D69FDB2A61467F007B65C3 /* AcknowList */; };
/* End PBXBuildFile section */

/* Begin PBXFileReference section */
		B229444C2A4D8B04009015BA /* Notable.app */ = {isa = PBXFileReference; explicitFileType = wrapper.application; includeInIndex = 0; path = Notable.app; sourceTree = BUILT_PRODUCTS_DIR; };
		B229444F2A4D8B04009015BA /* NotableApp.swift */ = {isa = PBXFileReference; lastKnownFileType = sourcecode.swift; path = NotableApp.swift; sourceTree = "<group>"; };
		B22944512A4D8B04009015BA /* Persistence.swift */ = {isa = PBXFileReference; lastKnownFileType = sourcecode.swift; path = Persistence.swift; sourceTree = "<group>"; };
		B22944542A4D8B04009015BA /* Notable.xcdatamodel */ = {isa = PBXFileReference; lastKnownFileType = wrapper.xcdatamodel; path = Notable.xcdatamodel; sourceTree = "<group>"; };
		B22944562A4D8B04009015BA /* ContentView.swift */ = {isa = PBXFileReference; lastKnownFileType = sourcecode.swift; path = ContentView.swift; sourceTree = "<group>"; };
		B22944582A4D8B05009015BA /* Assets.xcassets */ = {isa = PBXFileReference; lastKnownFileType = folder.assetcatalog; path = Assets.xcassets; sourceTree = "<group>"; };
		B229445A2A4D8B05009015BA /* Notable.entitlements */ = {isa = PBXFileReference; lastKnownFileType = text.plist.entitlements; path = Notable.entitlements; sourceTree = "<group>"; };
		B229445C2A4D8B05009015BA /* Preview Assets.xcassets */ = {isa = PBXFileReference; lastKnownFileType = folder.assetcatalog; path = "Preview Assets.xcassets"; sourceTree = "<group>"; };
		B28268422A664E5E00DF4F82 /* Entry.swift */ = {isa = PBXFileReference; lastKnownFileType = sourcecode.swift; path = Entry.swift; sourceTree = "<group>"; };
		B287911E2A512A000012E576 /* EditorView.swift */ = {isa = PBXFileReference; lastKnownFileType = sourcecode.swift; path = EditorView.swift; sourceTree = "<group>"; };
		B28AB4442A60F9270097023A /* EditorConfigSheet.swift */ = {isa = PBXFileReference; lastKnownFileType = sourcecode.swift; path = EditorConfigSheet.swift; sourceTree = "<group>"; };
		B293DF772A5C1C4200826D26 /* Info.plist */ = {isa = PBXFileReference; lastKnownFileType = text.plist; path = Info.plist; sourceTree = "<group>"; };
		B293DF782A5C2EE500826D26 /* SettingsView.swift */ = {isa = PBXFileReference; lastKnownFileType = sourcecode.swift; path = SettingsView.swift; sourceTree = "<group>"; };
		B2C0BE772A55332200EC9CAF /* EntryItem.swift */ = {isa = PBXFileReference; lastKnownFileType = sourcecode.swift; path = EntryItem.swift; sourceTree = "<group>"; };
		B2D69FD32A613C53007B65C3 /* Package.resolved */ = {isa = PBXFileReference; lastKnownFileType = text; path = Package.resolved; sourceTree = SOURCE_ROOT; };
		B2D69FD62A613CAB007B65C3 /* AcknowledgeView.swift */ = {isa = PBXFileReference; lastKnownFileType = sourcecode.swift; path = AcknowledgeView.swift; sourceTree = "<group>"; };
/* End PBXFileReference section */

/* Begin PBXFrameworksBuildPhase section */
		B22944492A4D8B04009015BA /* Frameworks */ = {
			isa = PBXFrameworksBuildPhase;
			buildActionMask = 2147483647;
			files = (
				B28AB4422A60F7700097023A /* RichTextKit in Frameworks */,
				B2D69FDC2A61467F007B65C3 /* AcknowList in Frameworks */,
				B28638322A597BB600B361C3 /* CodeEditor in Frameworks */,
			);
			runOnlyForDeploymentPostprocessing = 0;
		};
/* End PBXFrameworksBuildPhase section */

/* Begin PBXGroup section */
		B22944432A4D8B04009015BA = {
			isa = PBXGroup;
			children = (
				B2D69FD32A613C53007B65C3 /* Package.resolved */,
				B229444E2A4D8B04009015BA /* Notable */,
				B229444D2A4D8B04009015BA /* Products */,
			);
			sourceTree = "<group>";
		};
		B229444D2A4D8B04009015BA /* Products */ = {
			isa = PBXGroup;
			children = (
				B229444C2A4D8B04009015BA /* Notable.app */,
			);
			name = Products;
			sourceTree = "<group>";
		};
		B229444E2A4D8B04009015BA /* Notable */ = {
			isa = PBXGroup;
			children = (
				B293DF772A5C1C4200826D26 /* Info.plist */,
				B229444F2A4D8B04009015BA /* NotableApp.swift */,
				B22944512A4D8B04009015BA /* Persistence.swift */,
				B2D69FD52A613C80007B65C3 /* Views */,
				B28AB4432A60F9000097023A /* Components */,
				B2FAA9322A664E1C00BEB849 /* Models */,
				B22944582A4D8B05009015BA /* Assets.xcassets */,
				B229445A2A4D8B05009015BA /* Notable.entitlements */,
				B22944532A4D8B04009015BA /* Notable.xcdatamodeld */,
				B229445B2A4D8B05009015BA /* Preview Content */,
			);
			path = Notable;
			sourceTree = "<group>";
		};
		B229445B2A4D8B05009015BA /* Preview Content */ = {
			isa = PBXGroup;
			children = (
				B229445C2A4D8B05009015BA /* Preview Assets.xcassets */,
			);
			path = "Preview Content";
			sourceTree = "<group>";
		};
		B28AB4432A60F9000097023A /* Components */ = {
			isa = PBXGroup;
			children = (
				B2C0BE772A55332200EC9CAF /* EntryItem.swift */,
				B28AB4442A60F9270097023A /* EditorConfigSheet.swift */,
			);
			path = Components;
			sourceTree = "<group>";
		};
		B2D69FD52A613C80007B65C3 /* Views */ = {
			isa = PBXGroup;
			children = (
				B22944562A4D8B04009015BA /* ContentView.swift */,
				B287911E2A512A000012E576 /* EditorView.swift */,
				B293DF782A5C2EE500826D26 /* SettingsView.swift */,
				B2D69FD62A613CAB007B65C3 /* AcknowledgeView.swift */,
			);
			path = Views;
			sourceTree = "<group>";
		};
		B2FAA9322A664E1C00BEB849 /* Models */ = {
			isa = PBXGroup;
			children = (
				B28268422A664E5E00DF4F82 /* Entry.swift */,
			);
			path = Models;
			sourceTree = "<group>";
		};
/* End PBXGroup section */

/* Begin PBXNativeTarget section */
		B229444B2A4D8B04009015BA /* Notable */ = {
			isa = PBXNativeTarget;
			buildConfigurationList = B22944602A4D8B05009015BA /* Build configuration list for PBXNativeTarget "Notable" */;
			buildPhases = (
				B22944482A4D8B04009015BA /* Sources */,
				B22944492A4D8B04009015BA /* Frameworks */,
				B229444A2A4D8B04009015BA /* Resources */,
				B2D69FD92A61459A007B65C3 /* Copy Package.resolved */,
			);
			buildRules = (
			);
			dependencies = (
			);
			name = Notable;
			packageProductDependencies = (
				B28638312A597BB600B361C3 /* CodeEditor */,
				B28AB4412A60F7700097023A /* RichTextKit */,
				B2D69FDB2A61467F007B65C3 /* AcknowList */,
			);
			productName = Notable;
			productReference = B229444C2A4D8B04009015BA /* Notable.app */;
			productType = "com.apple.product-type.application";
		};
/* End PBXNativeTarget section */

/* Begin PBXProject section */
		B22944442A4D8B04009015BA /* Project object */ = {
			isa = PBXProject;
			attributes = {
				BuildIndependentTargetsInParallel = 1;
				LastSwiftUpdateCheck = 1430;
				LastUpgradeCheck = 1500;
				TargetAttributes = {
					B229444B2A4D8B04009015BA = {
						CreatedOnToolsVersion = 14.3.1;
					};
				};
			};
			buildConfigurationList = B22944472A4D8B04009015BA /* Build configuration list for PBXProject "Notable" */;
			compatibilityVersion = "Xcode 14.0";
			developmentRegion = en;
			hasScannedForEncodings = 0;
			knownRegions = (
				en,
				Base,
			);
			mainGroup = B22944432A4D8B04009015BA;
			packageReferences = (
				B28638302A597BB600B361C3 /* XCRemoteSwiftPackageReference "CodeEditor" */,
				B28AB4402A60F7700097023A /* XCRemoteSwiftPackageReference "RichTextKit" */,
				B2D69FDA2A61467F007B65C3 /* XCRemoteSwiftPackageReference "AcknowList" */,
			);
			productRefGroup = B229444D2A4D8B04009015BA /* Products */;
			projectDirPath = "";
			projectRoot = "";
			targets = (
				B229444B2A4D8B04009015BA /* Notable */,
			);
		};
/* End PBXProject section */

/* Begin PBXResourcesBuildPhase section */
		B229444A2A4D8B04009015BA /* Resources */ = {
			isa = PBXResourcesBuildPhase;
			buildActionMask = 2147483647;
			files = (
				B229445D2A4D8B05009015BA /* Preview Assets.xcassets in Resources */,
				B2D69FD42A613C53007B65C3 /* Package.resolved in Resources */,
				B22944592A4D8B05009015BA /* Assets.xcassets in Resources */,
			);
			runOnlyForDeploymentPostprocessing = 0;
		};
/* End PBXResourcesBuildPhase section */

/* Begin PBXShellScriptBuildPhase section */
		B2D69FD92A61459A007B65C3 /* Copy Package.resolved */ = {
			isa = PBXShellScriptBuildPhase;
			buildActionMask = 2147483647;
			files = (
			);
			inputFileListPaths = (
			);
			inputPaths = (
			);
			name = "Copy Package.resolved";
			outputFileListPaths = (
			);
			outputPaths = (
				"${PROJECT_FILE_PATH}/Package.resolved",
			);
			runOnlyForDeploymentPostprocessing = 0;
			shellPath = /bin/sh;
			shellScript = "# Type a script or drag a script file from your workspace to insert its path.\ncp ${PROJECT_FILE_PATH}/project.xcworkspace/xcshareddata/swiftpm/Package.resolved ${PROJECT_DIR}\n";
		};
/* End PBXShellScriptBuildPhase section */

/* Begin PBXSourcesBuildPhase section */
		B22944482A4D8B04009015BA /* Sources */ = {
			isa = PBXSourcesBuildPhase;
			buildActionMask = 2147483647;
			files = (
				B28268432A664E5E00DF4F82 /* Entry.swift in Sources */,
				B28AB4452A60F9270097023A /* EditorConfigSheet.swift in Sources */,
				B293DF792A5C2EE500826D26 /* SettingsView.swift in Sources */,
				B22944552A4D8B04009015BA /* Notable.xcdatamodeld in Sources */,
				B2D69FD72A613CAB007B65C3 /* AcknowledgeView.swift in Sources */,
				B22944502A4D8B04009015BA /* NotableApp.swift in Sources */,
				B22944572A4D8B04009015BA /* ContentView.swift in Sources */,
				B22944522A4D8B04009015BA /* Persistence.swift in Sources */,
				B287911F2A512A000012E576 /* EditorView.swift in Sources */,
				B2C0BE782A55332200EC9CAF /* EntryItem.swift in Sources */,
			);
			runOnlyForDeploymentPostprocessing = 0;
		};
/* End PBXSourcesBuildPhase section */

/* Begin XCBuildConfiguration section */
		B229445E2A4D8B05009015BA /* Debug */ = {
			isa = XCBuildConfiguration;
			buildSettings = {
				ALWAYS_SEARCH_USER_PATHS = NO;
				ASSETCATALOG_COMPILER_GENERATE_SWIFT_ASSET_SYMBOL_EXTENSIONS = YES;
				CLANG_ANALYZER_NONNULL = YES;
				CLANG_ANALYZER_NUMBER_OBJECT_CONVERSION = YES_AGGRESSIVE;
				CLANG_CXX_LANGUAGE_STANDARD = "gnu++20";
				CLANG_ENABLE_MODULES = YES;
				CLANG_ENABLE_OBJC_ARC = YES;
				CLANG_ENABLE_OBJC_WEAK = YES;
				CLANG_WARN_BLOCK_CAPTURE_AUTORELEASING = YES;
				CLANG_WARN_BOOL_CONVERSION = YES;
				CLANG_WARN_COMMA = YES;
				CLANG_WARN_CONSTANT_CONVERSION = YES;
				CLANG_WARN_DEPRECATED_OBJC_IMPLEMENTATIONS = YES;
				CLANG_WARN_DIRECT_OBJC_ISA_USAGE = YES_ERROR;
				CLANG_WARN_DOCUMENTATION_COMMENTS = YES;
				CLANG_WARN_EMPTY_BODY = YES;
				CLANG_WARN_ENUM_CONVERSION = YES;
				CLANG_WARN_INFINITE_RECURSION = YES;
				CLANG_WARN_INT_CONVERSION = YES;
				CLANG_WARN_NON_LITERAL_NULL_CONVERSION = YES;
				CLANG_WARN_OBJC_IMPLICIT_RETAIN_SELF = YES;
				CLANG_WARN_OBJC_LITERAL_CONVERSION = YES;
				CLANG_WARN_OBJC_ROOT_CLASS = YES_ERROR;
				CLANG_WARN_QUOTED_INCLUDE_IN_FRAMEWORK_HEADER = YES;
				CLANG_WARN_RANGE_LOOP_ANALYSIS = YES;
				CLANG_WARN_STRICT_PROTOTYPES = YES;
				CLANG_WARN_SUSPICIOUS_MOVE = YES;
				CLANG_WARN_UNGUARDED_AVAILABILITY = YES_AGGRESSIVE;
				CLANG_WARN_UNREACHABLE_CODE = YES;
				CLANG_WARN__DUPLICATE_METHOD_MATCH = YES;
				COPY_PHASE_STRIP = NO;
				DEAD_CODE_STRIPPING = YES;
				DEBUG_INFORMATION_FORMAT = dwarf;
				ENABLE_STRICT_OBJC_MSGSEND = YES;
				ENABLE_TESTABILITY = YES;
				ENABLE_USER_SCRIPT_SANDBOXING = NO;
				GCC_C_LANGUAGE_STANDARD = gnu11;
				GCC_DYNAMIC_NO_PIC = NO;
				GCC_NO_COMMON_BLOCKS = YES;
				GCC_OPTIMIZATION_LEVEL = 0;
				GCC_PREPROCESSOR_DEFINITIONS = (
					"DEBUG=1",
					"$(inherited)",
				);
				GCC_WARN_64_TO_32_BIT_CONVERSION = YES;
				GCC_WARN_ABOUT_RETURN_TYPE = YES_ERROR;
				GCC_WARN_UNDECLARED_SELECTOR = YES;
				GCC_WARN_UNINITIALIZED_AUTOS = YES_AGGRESSIVE;
				GCC_WARN_UNUSED_FUNCTION = YES;
				GCC_WARN_UNUSED_VARIABLE = YES;
				MTL_ENABLE_DEBUG_INFO = INCLUDE_SOURCE;
				MTL_FAST_MATH = YES;
				ONLY_ACTIVE_ARCH = YES;
				SWIFT_ACTIVE_COMPILATION_CONDITIONS = DEBUG;
				SWIFT_OPTIMIZATION_LEVEL = "-Onone";
			};
			name = Debug;
		};
		B229445F2A4D8B05009015BA /* Release */ = {
			isa = XCBuildConfiguration;
			buildSettings = {
				ALWAYS_SEARCH_USER_PATHS = NO;
				ASSETCATALOG_COMPILER_GENERATE_SWIFT_ASSET_SYMBOL_EXTENSIONS = YES;
				CLANG_ANALYZER_NONNULL = YES;
				CLANG_ANALYZER_NUMBER_OBJECT_CONVERSION = YES_AGGRESSIVE;
				CLANG_CXX_LANGUAGE_STANDARD = "gnu++20";
				CLANG_ENABLE_MODULES = YES;
				CLANG_ENABLE_OBJC_ARC = YES;
				CLANG_ENABLE_OBJC_WEAK = YES;
				CLANG_WARN_BLOCK_CAPTURE_AUTORELEASING = YES;
				CLANG_WARN_BOOL_CONVERSION = YES;
				CLANG_WARN_COMMA = YES;
				CLANG_WARN_CONSTANT_CONVERSION = YES;
				CLANG_WARN_DEPRECATED_OBJC_IMPLEMENTATIONS = YES;
				CLANG_WARN_DIRECT_OBJC_ISA_USAGE = YES_ERROR;
				CLANG_WARN_DOCUMENTATION_COMMENTS = YES;
				CLANG_WARN_EMPTY_BODY = YES;
				CLANG_WARN_ENUM_CONVERSION = YES;
				CLANG_WARN_INFINITE_RECURSION = YES;
				CLANG_WARN_INT_CONVERSION = YES;
				CLANG_WARN_NON_LITERAL_NULL_CONVERSION = YES;
				CLANG_WARN_OBJC_IMPLICIT_RETAIN_SELF = YES;
				CLANG_WARN_OBJC_LITERAL_CONVERSION = YES;
				CLANG_WARN_OBJC_ROOT_CLASS = YES_ERROR;
				CLANG_WARN_QUOTED_INCLUDE_IN_FRAMEWORK_HEADER = YES;
				CLANG_WARN_RANGE_LOOP_ANALYSIS = YES;
				CLANG_WARN_STRICT_PROTOTYPES = YES;
				CLANG_WARN_SUSPICIOUS_MOVE = YES;
				CLANG_WARN_UNGUARDED_AVAILABILITY = YES_AGGRESSIVE;
				CLANG_WARN_UNREACHABLE_CODE = YES;
				CLANG_WARN__DUPLICATE_METHOD_MATCH = YES;
				COPY_PHASE_STRIP = NO;
				DEAD_CODE_STRIPPING = YES;
				DEBUG_INFORMATION_FORMAT = "dwarf-with-dsym";
				ENABLE_NS_ASSERTIONS = NO;
				ENABLE_STRICT_OBJC_MSGSEND = YES;
				ENABLE_USER_SCRIPT_SANDBOXING = NO;
				GCC_C_LANGUAGE_STANDARD = gnu11;
				GCC_NO_COMMON_BLOCKS = YES;
				GCC_WARN_64_TO_32_BIT_CONVERSION = YES;
				GCC_WARN_ABOUT_RETURN_TYPE = YES_ERROR;
				GCC_WARN_UNDECLARED_SELECTOR = YES;
				GCC_WARN_UNINITIALIZED_AUTOS = YES_AGGRESSIVE;
				GCC_WARN_UNUSED_FUNCTION = YES;
				GCC_WARN_UNUSED_VARIABLE = YES;
				MTL_ENABLE_DEBUG_INFO = NO;
				MTL_FAST_MATH = YES;
				SWIFT_COMPILATION_MODE = wholemodule;
				SWIFT_OPTIMIZATION_LEVEL = "-O";
			};
			name = Release;
		};
		B22944612A4D8B05009015BA /* Debug */ = {
			isa = XCBuildConfiguration;
			buildSettings = {
				ASSETCATALOG_COMPILER_APPICON_NAME = AppIcon;
				ASSETCATALOG_COMPILER_GLOBAL_ACCENT_COLOR_NAME = AccentColor;
				CODE_SIGN_ENTITLEMENTS = Notable/Notable.entitlements;
				CODE_SIGN_STYLE = Automatic;
				CURRENT_PROJECT_VERSION = 1;
				DEAD_CODE_STRIPPING = YES;
				DEVELOPMENT_ASSET_PATHS = "\"Notable/Preview Content\"";
				DEVELOPMENT_TEAM = C58CLY4K2U;
				ENABLE_HARDENED_RUNTIME = YES;
				ENABLE_PREVIEWS = YES;
				GENERATE_INFOPLIST_FILE = YES;
				INFOPLIST_FILE = Notable/Info.plist;
				INFOPLIST_KEY_CFBundleDisplayName = Notable;
				INFOPLIST_KEY_LSApplicationCategoryType = "public.app-category.productivity";
				"INFOPLIST_KEY_UIApplicationSceneManifest_Generation[sdk=iphoneos*]" = YES;
				"INFOPLIST_KEY_UIApplicationSceneManifest_Generation[sdk=iphonesimulator*]" = YES;
				"INFOPLIST_KEY_UIApplicationSupportsIndirectInputEvents[sdk=iphoneos*]" = YES;
				"INFOPLIST_KEY_UIApplicationSupportsIndirectInputEvents[sdk=iphonesimulator*]" = YES;
				"INFOPLIST_KEY_UILaunchScreen_Generation[sdk=iphoneos*]" = YES;
				"INFOPLIST_KEY_UILaunchScreen_Generation[sdk=iphonesimulator*]" = YES;
				"INFOPLIST_KEY_UIStatusBarStyle[sdk=iphoneos*]" = UIStatusBarStyleDefault;
				"INFOPLIST_KEY_UIStatusBarStyle[sdk=iphonesimulator*]" = UIStatusBarStyleDefault;
				INFOPLIST_KEY_UISupportedInterfaceOrientations = UIInterfaceOrientationPortrait;
				INFOPLIST_KEY_UISupportedInterfaceOrientations_iPad = "UIInterfaceOrientationLandscapeLeft UIInterfaceOrientationLandscapeRight UIInterfaceOrientationPortrait UIInterfaceOrientationPortraitUpsideDown";
				IPHONEOS_DEPLOYMENT_TARGET = 16.4;
				LD_RUNPATH_SEARCH_PATHS = "@executable_path/Frameworks";
				"LD_RUNPATH_SEARCH_PATHS[sdk=macosx*]" = "@executable_path/../Frameworks";
				MACOSX_DEPLOYMENT_TARGET = 13.3;
				MARKETING_VERSION = 1.0;
				PRODUCT_BUNDLE_IDENTIFIER = xyz.runkaizhang.Notable;
				PRODUCT_NAME = "$(TARGET_NAME)";
				SDKROOT = auto;
				SUPPORTED_PLATFORMS = "iphoneos iphonesimulator";
				SUPPORTS_MACCATALYST = NO;
				SUPPORTS_MAC_DESIGNED_FOR_IPHONE_IPAD = NO;
				SWIFT_EMIT_LOC_STRINGS = YES;
				SWIFT_VERSION = 5.0;
				TARGETED_DEVICE_FAMILY = 1;
			};
			name = Debug;
		};
		B22944622A4D8B05009015BA /* Release */ = {
			isa = XCBuildConfiguration;
			buildSettings = {
				ASSETCATALOG_COMPILER_APPICON_NAME = AppIcon;
				ASSETCATALOG_COMPILER_GLOBAL_ACCENT_COLOR_NAME = AccentColor;
				CODE_SIGN_ENTITLEMENTS = Notable/Notable.entitlements;
				CODE_SIGN_STYLE = Automatic;
				CURRENT_PROJECT_VERSION = 1;
				DEAD_CODE_STRIPPING = YES;
				DEVELOPMENT_ASSET_PATHS = "\"Notable/Preview Content\"";
				DEVELOPMENT_TEAM = C58CLY4K2U;
				ENABLE_HARDENED_RUNTIME = YES;
				ENABLE_PREVIEWS = YES;
				GENERATE_INFOPLIST_FILE = YES;
				INFOPLIST_FILE = Notable/Info.plist;
				INFOPLIST_KEY_CFBundleDisplayName = Notable;
				INFOPLIST_KEY_LSApplicationCategoryType = "public.app-category.productivity";
				"INFOPLIST_KEY_UIApplicationSceneManifest_Generation[sdk=iphoneos*]" = YES;
				"INFOPLIST_KEY_UIApplicationSceneManifest_Generation[sdk=iphonesimulator*]" = YES;
				"INFOPLIST_KEY_UIApplicationSupportsIndirectInputEvents[sdk=iphoneos*]" = YES;
				"INFOPLIST_KEY_UIApplicationSupportsIndirectInputEvents[sdk=iphonesimulator*]" = YES;
				"INFOPLIST_KEY_UILaunchScreen_Generation[sdk=iphoneos*]" = YES;
				"INFOPLIST_KEY_UILaunchScreen_Generation[sdk=iphonesimulator*]" = YES;
				"INFOPLIST_KEY_UIStatusBarStyle[sdk=iphoneos*]" = UIStatusBarStyleDefault;
				"INFOPLIST_KEY_UIStatusBarStyle[sdk=iphonesimulator*]" = UIStatusBarStyleDefault;
				INFOPLIST_KEY_UISupportedInterfaceOrientations = UIInterfaceOrientationPortrait;
				INFOPLIST_KEY_UISupportedInterfaceOrientations_iPad = "UIInterfaceOrientationLandscapeLeft UIInterfaceOrientationLandscapeRight UIInterfaceOrientationPortrait UIInterfaceOrientationPortraitUpsideDown";
				IPHONEOS_DEPLOYMENT_TARGET = 16.4;
				LD_RUNPATH_SEARCH_PATHS = "@executable_path/Frameworks";
				"LD_RUNPATH_SEARCH_PATHS[sdk=macosx*]" = "@executable_path/../Frameworks";
				MACOSX_DEPLOYMENT_TARGET = 13.3;
				MARKETING_VERSION = 1.0;
				PRODUCT_BUNDLE_IDENTIFIER = xyz.runkaizhang.Notable;
				PRODUCT_NAME = "$(TARGET_NAME)";
				SDKROOT = auto;
				SUPPORTED_PLATFORMS = "iphoneos iphonesimulator";
				SUPPORTS_MACCATALYST = NO;
				SUPPORTS_MAC_DESIGNED_FOR_IPHONE_IPAD = NO;
				SWIFT_EMIT_LOC_STRINGS = YES;
				SWIFT_VERSION = 5.0;
				TARGETED_DEVICE_FAMILY = 1;
			};
			name = Release;
		};
/* End XCBuildConfiguration section */

/* Begin XCConfigurationList section */
		B22944472A4D8B04009015BA /* Build configuration list for PBXProject "Notable" */ = {
			isa = XCConfigurationList;
			buildConfigurations = (
				B229445E2A4D8B05009015BA /* Debug */,
				B229445F2A4D8B05009015BA /* Release */,
			);
			defaultConfigurationIsVisible = 0;
			defaultConfigurationName = Release;
		};
		B22944602A4D8B05009015BA /* Build configuration list for PBXNativeTarget "Notable" */ = {
			isa = XCConfigurationList;
			buildConfigurations = (
				B22944612A4D8B05009015BA /* Debug */,
				B22944622A4D8B05009015BA /* Release */,
			);
			defaultConfigurationIsVisible = 0;
			defaultConfigurationName = Release;
		};
/* End XCConfigurationList section */

/* Begin XCRemoteSwiftPackageReference section */
		B28638302A597BB600B361C3 /* XCRemoteSwiftPackageReference "CodeEditor" */ = {
			isa = XCRemoteSwiftPackageReference;
			repositoryURL = "https://github.com/ZeeZide/CodeEditor.git";
			requirement = {
				kind = upToNextMajorVersion;
				minimumVersion = 1.0.0;
			};
		};
		B28AB4402A60F7700097023A /* XCRemoteSwiftPackageReference "RichTextKit" */ = {
			isa = XCRemoteSwiftPackageReference;
			repositoryURL = "https://github.com/danielsaidi/RichTextKit.git";
			requirement = {
				kind = upToNextMajorVersion;
				minimumVersion = 0.7.2;
			};
		};
		B2D69FDA2A61467F007B65C3 /* XCRemoteSwiftPackageReference "AcknowList" */ = {
			isa = XCRemoteSwiftPackageReference;
			repositoryURL = "https://github.com/vtourraine/AcknowList";
			requirement = {
				kind = upToNextMajorVersion;
				minimumVersion = 3.0.0;
			};
		};
/* End XCRemoteSwiftPackageReference section */

/* Begin XCSwiftPackageProductDependency section */
		B28638312A597BB600B361C3 /* CodeEditor */ = {
			isa = XCSwiftPackageProductDependency;
			package = B28638302A597BB600B361C3 /* XCRemoteSwiftPackageReference "CodeEditor" */;
			productName = CodeEditor;
		};
		B28AB4412A60F7700097023A /* RichTextKit */ = {
			isa = XCSwiftPackageProductDependency;
			package = B28AB4402A60F7700097023A /* XCRemoteSwiftPackageReference "RichTextKit" */;
			productName = RichTextKit;
		};
		B2D69FDB2A61467F007B65C3 /* AcknowList */ = {
			isa = XCSwiftPackageProductDependency;
			package = B2D69FDA2A61467F007B65C3 /* XCRemoteSwiftPackageReference "AcknowList" */;
			productName = AcknowList;
		};
/* End XCSwiftPackageProductDependency section */

/* Begin XCVersionGroup section */
		B22944532A4D8B04009015BA /* Notable.xcdatamodeld */ = {
			isa = XCVersionGroup;
			children = (
				B22944542A4D8B04009015BA /* Notable.xcdatamodel */,
			);
			currentVersion = B22944542A4D8B04009015BA /* Notable.xcdatamodel */;
			path = Notable.xcdatamodeld;
			sourceTree = "<group>";
			versionGroupType = wrapper.xcdatamodel;
		};
/* End XCVersionGroup section */
	};
	rootObject = B22944442A4D8B04009015BA /* Project object */;
}
